
Microsoft Visual Studio Solution File, Format Version 12.00
# Visual Studio Version 16
VisualStudioVersion = 16.0.30128.74
MinimumVisualStudioVersion = 10.0.40219.1
Project("{FAE04EC0-301F-11D3-BF4B-00C04F79EFBC}") = "RazorPagesDeneme", "RazorPagesDeneme\RazorPagesDeneme.csproj", "{A1B817D2-0634-4AB3-9E2D-76CD21744669}"
EndProject
Global
	GlobalSection(SolutionConfigurationPlatforms) = preSolution
		Debug|Any CPU = Debug|Any CPU
		Release|Any CPU = Release|Any CPU
	EndGlobalSection
	GlobalSection(ProjectConfigurationPlatforms) = postSolution
		{A1B817D2-0634-4AB3-9E2D-76CD21744669}.Debug|Any CPU.ActiveCfg = Debug|Any CPU
		{A1B817D2-0634-4AB3-9E2D-76CD21744669}.Debug|Any CPU.Build.0 = Debug|Any CPU
		{A1B817D2-0634-4AB3-9E2D-76CD21744669}.Release|Any CPU.ActiveCfg = Release|Any CPU
		{A1B817D2-0634-4AB3-9E2D-76CD21744669}.Release|Any CPU.Build.0 = Release|Any CPU
	EndGlobalSection
	GlobalSection(SolutionProperties) = preSolution
		HideSolutionNode = FALSE
	EndGlobalSection
	GlobalSection(ExtensibilityGlobals) = postSolution
		SolutionGuid = {65E833BA-C9E2-4B4D-AF4D-44BCED10865D}
	EndGlobalSection
EndGlobal
